
Microsoft Visual Studio Solution File, Format Version 12.00
# Visual Studio Version 17
VisualStudioVersion = 17.11.35208.52
MinimumVisualStudioVersion = 10.0.40219.1
Project("{FAE04EC0-301F-11D3-BF4B-00C04F79EFBC}") = "Practica02", "Practica02.csproj", "{FFD0EC24-796D-4884-9EDA-758095B8BDAF}"
EndProject
Global
	GlobalSection(SolutionConfigurationPlatforms) = preSolution
		Debug|Any CPU = Debug|Any CPU
		Release|Any CPU = Release|Any CPU
	EndGlobalSection
	GlobalSection(ProjectConfigurationPlatforms) = postSolution
		{FFD0EC24-796D-4884-9EDA-758095B8BDAF}.Debug|Any CPU.ActiveCfg = Debug|Any CPU
		{FFD0EC24-796D-4884-9EDA-758095B8BDAF}.Debug|Any CPU.Build.0 = Debug|Any CPU
		{FFD0EC24-796D-4884-9EDA-758095B8BDAF}.Release|Any CPU.ActiveCfg = Release|Any CPU
		{FFD0EC24-796D-4884-9EDA-758095B8BDAF}.Release|Any CPU.Build.0 = Release|Any CPU
	EndGlobalSection
	GlobalSection(SolutionProperties) = preSolution
		HideSolutionNode = FALSE
	EndGlobalSection
	GlobalSection(ExtensibilityGlobals) = postSolution
		SolutionGuid = {D39344EF-8CE5-400F-92D0-5F5BE38EFB2C}
	EndGlobalSection
EndGlobal
